
Microsoft Visual Studio Solution File, Format Version 12.00
# Visual Studio Version 16
VisualStudioVersion = 16.0.29102.190
MinimumVisualStudioVersion = 10.0.40219.1
Project("{FAE04EC0-301F-11D3-BF4B-00C04F79EFBC}") = "RomanNumerals", "RomanNumerals\RomanNumerals.csproj", "{F8B83CD0-21FB-42BF-9F74-EEFEC4B75C82}"
EndProject
Project("{FAE04EC0-301F-11D3-BF4B-00C04F79EFBC}") = "RomanNumerals.Logic", "RomanNumerals.Logic\RomanNumerals.Logic.csproj", "{9AE97763-C982-439F-9DF3-CB4198263BF8}"
EndProject
Project("{FAE04EC0-301F-11D3-BF4B-00C04F79EFBC}") = "RomanNumerals.Logic.Tests", "RomanNumerals.Logic.Tests\RomanNumerals.Logic.Tests.csproj", "{F1736184-052D-4E6D-99AA-9135F8ACB63E}"
EndProject
Global
	GlobalSection(SolutionConfigurationPlatforms) = preSolution
		Debug|Any CPU = Debug|Any CPU
		Release|Any CPU = Release|Any CPU
	EndGlobalSection
	GlobalSection(ProjectConfigurationPlatforms) = postSolution
		{F8B83CD0-21FB-42BF-9F74-EEFEC4B75C82}.Debug|Any CPU.ActiveCfg = Debug|Any CPU
		{F8B83CD0-21FB-42BF-9F74-EEFEC4B75C82}.Debug|Any CPU.Build.0 = Debug|Any CPU
		{F8B83CD0-21FB-42BF-9F74-EEFEC4B75C82}.Release|Any CPU.ActiveCfg = Release|Any CPU
		{F8B83CD0-21FB-42BF-9F74-EEFEC4B75C82}.Release|Any CPU.Build.0 = Release|Any CPU
		{9AE97763-C982-439F-9DF3-CB4198263BF8}.Debug|Any CPU.ActiveCfg = Debug|Any CPU
		{9AE97763-C982-439F-9DF3-CB4198263BF8}.Debug|Any CPU.Build.0 = Debug|Any CPU
		{9AE97763-C982-439F-9DF3-CB4198263BF8}.Release|Any CPU.ActiveCfg = Release|Any CPU
		{9AE97763-C982-439F-9DF3-CB4198263BF8}.Release|Any CPU.Build.0 = Release|Any CPU
		{F1736184-052D-4E6D-99AA-9135F8ACB63E}.Debug|Any CPU.ActiveCfg = Debug|Any CPU
		{F1736184-052D-4E6D-99AA-9135F8ACB63E}.Debug|Any CPU.Build.0 = Debug|Any CPU
		{F1736184-052D-4E6D-99AA-9135F8ACB63E}.Release|Any CPU.ActiveCfg = Release|Any CPU
		{F1736184-052D-4E6D-99AA-9135F8ACB63E}.Release|Any CPU.Build.0 = Release|Any CPU
	EndGlobalSection
	GlobalSection(SolutionProperties) = preSolution
		HideSolutionNode = FALSE
	EndGlobalSection
	GlobalSection(ExtensibilityGlobals) = postSolution
		SolutionGuid = {428A09A9-6661-4C08-9B88-2DDC4757DC58}
	EndGlobalSection
EndGlobal
